
Microsoft Visual Studio Solution File, Format Version 12.00
Project("{FAE04EC0-301F-11D3-BF4B-00C04F79EFBC}") = "DosStore", "DosStore.csproj", "{C3262586-8A1E-40BF-85A0-B0F21207DF69}"
EndProject
Global
	GlobalSection(SolutionConfigurationPlatforms) = preSolution
		Debug|Any CPU = Debug|Any CPU
		Release|Any CPU = Release|Any CPU
	EndGlobalSection
	GlobalSection(ProjectConfigurationPlatforms) = postSolution
		{C3262586-8A1E-40BF-85A0-B0F21207DF69}.Debug|Any CPU.ActiveCfg = Debug|Any CPU
		{C3262586-8A1E-40BF-85A0-B0F21207DF69}.Debug|Any CPU.Build.0 = Debug|Any CPU
		{C3262586-8A1E-40BF-85A0-B0F21207DF69}.Release|Any CPU.ActiveCfg = Release|Any CPU
		{C3262586-8A1E-40BF-85A0-B0F21207DF69}.Release|Any CPU.Build.0 = Release|Any CPU
	EndGlobalSection
EndGlobal
